// !$*UTF8*$!
{
	archiveVersion = 1;
	classes = {
	};
	objectVersion = 50;
	objects = {

/* Begin PBXBuildFile section */
		330432AD24BACE22008072AA /* AppDelegate.swift in Sources */ = {isa = PBXBuildFile; fileRef = 330432AC24BACE22008072AA /* AppDelegate.swift */; };
		330432AF24BACE22008072AA /* SceneDelegate.swift in Sources */ = {isa = PBXBuildFile; fileRef = 330432AE24BACE22008072AA /* SceneDelegate.swift */; };
		330432B124BACE22008072AA /* ChooseGestureViewController.swift in Sources */ = {isa = PBXBuildFile; fileRef = 330432B024BACE22008072AA /* ChooseGestureViewController.swift */; };
		330432B424BACE22008072AA /* Main.storyboard in Resources */ = {isa = PBXBuildFile; fileRef = 330432B224BACE22008072AA /* Main.storyboard */; };
		330432B624BACE23008072AA /* Assets.xcassets in Resources */ = {isa = PBXBuildFile; fileRef = 330432B524BACE23008072AA /* Assets.xcassets */; };
		330432B924BACE23008072AA /* LaunchScreen.storyboard in Resources */ = {isa = PBXBuildFile; fileRef = 330432B724BACE23008072AA /* LaunchScreen.storyboard */; };
		330432C124BAD2A8008072AA /* ResultsViewController.swift in Sources */ = {isa = PBXBuildFile; fileRef = 330432C024BAD2A8008072AA /* ResultsViewController.swift */; };
/* End PBXBuildFile section */

/* Begin PBXFileReference section */
		330432A924BACE22008072AA /* Roshambo Assignment.app */ = {isa = PBXFileReference; explicitFileType = wrapper.application; includeInIndex = 0; path = "Roshambo Assignment.app"; sourceTree = BUILT_PRODUCTS_DIR; };
		330432AC24BACE22008072AA /* AppDelegate.swift */ = {isa = PBXFileReference; lastKnownFileType = sourcecode.swift; path = AppDelegate.swift; sourceTree = "<group>"; };
		330432AE24BACE22008072AA /* SceneDelegate.swift */ = {isa = PBXFileReference; lastKnownFileType = sourcecode.swift; path = SceneDelegate.swift; sourceTree = "<group>"; };
		330432B024BACE22008072AA /* ChooseGestureViewController.swift */ = {isa = PBXFileReference; lastKnownFileType = sourcecode.swift; path = ChooseGestureViewController.swift; sourceTree = "<group>"; };
		330432B324BACE22008072AA /* Base */ = {isa = PBXFileReference; lastKnownFileType = file.storyboard; name = Base; path = Base.lproj/Main.storyboard; sourceTree = "<group>"; };
		330432B524BACE23008072AA /* Assets.xcassets */ = {isa = PBXFileReference; lastKnownFileType = folder.assetcatalog; path = Assets.xcassets; sourceTree = "<group>"; };
		330432B824BACE23008072AA /* Base */ = {isa = PBXFileReference; lastKnownFileType = file.storyboard; name = Base; path = Base.lproj/LaunchScreen.storyboard; sourceTree = "<group>"; };
		330432BA24BACE23008072AA /* Info.plist */ = {isa = PBXFileReference; lastKnownFileType = text.plist.xml; path = Info.plist; sourceTree = "<group>"; };
		330432C024BAD2A8008072AA /* ResultsViewController.swift */ = {isa = PBXFileReference; lastKnownFileType = sourcecode.swift; path = ResultsViewController.swift; sourceTree = "<group>"; };
/* End PBXFileReference section */

/* Begin PBXFrameworksBuildPhase section */
		330432A624BACE22008072AA /* Frameworks */ = {
			isa = PBXFrameworksBuildPhase;
			buildActionMask = 2147483647;
			files = (
			);
			runOnlyForDeploymentPostprocessing = 0;
		};
/* End PBXFrameworksBuildPhase section */

/* Begin PBXGroup section */
		330432A024BACE22008072AA = {
			isa = PBXGroup;
			children = (
				330432AB24BACE22008072AA /* Roshambo Assignment */,
				330432AA24BACE22008072AA /* Products */,
			);
			sourceTree = "<group>";
		};
		330432AA24BACE22008072AA /* Products */ = {
			isa = PBXGroup;
			children = (
				330432A924BACE22008072AA /* Roshambo Assignment.app */,
			);
			name = Products;
			sourceTree = "<group>";
		};
		330432AB24BACE22008072AA /* Roshambo Assignment */ = {
			isa = PBXGroup;
			children = (
				330432AC24BACE22008072AA /* AppDelegate.swift */,
				330432AE24BACE22008072AA /* SceneDelegate.swift */,
				330432B024BACE22008072AA /* ChooseGestureViewController.swift */,
				330432C024BAD2A8008072AA /* ResultsViewController.swift */,
				330432B224BACE22008072AA /* Main.storyboard */,
				330432B524BACE23008072AA /* Assets.xcassets */,
				330432B724BACE23008072AA /* LaunchScreen.storyboard */,
				330432BA24BACE23008072AA /* Info.plist */,
			);
			path = "Roshambo Assignment";
			sourceTree = "<group>";
		};
/* End PBXGroup section */

/* Begin PBXNativeTarget section */
		330432A824BACE22008072AA /* Roshambo Assignment */ = {
			isa = PBXNativeTarget;
			buildConfigurationList = 330432BD24BACE23008072AA /* Build configuration list for PBXNativeTarget "Roshambo Assignment" */;
			buildPhases = (
				330432A524BACE22008072AA /* Sources */,
				330432A624BACE22008072AA /* Frameworks */,
				330432A724BACE22008072AA /* Resources */,
			);
			buildRules = (
			);
			dependencies = (
			);
			name = "Roshambo Assignment";
			productName = "Roshambo Assignment";
			productReference = 330432A924BACE22008072AA /* Roshambo Assignment.app */;
			productType = "com.apple.product-type.application";
		};
/* End PBXNativeTarget section */

/* Begin PBXProject section */
		330432A124BACE22008072AA /* Project object */ = {
			isa = PBXProject;
			attributes = {
				LastSwiftUpdateCheck = 1150;
				LastUpgradeCheck = 1150;
				ORGANIZATIONNAME = "Christopher Crookes";
				TargetAttributes = {
					330432A824BACE22008072AA = {
						CreatedOnToolsVersion = 11.5;
					};
				};
			};
			buildConfigurationList = 330432A424BACE22008072AA /* Build configuration list for PBXProject "Roshambo Assignment" */;
			compatibilityVersion = "Xcode 9.3";
			developmentRegion = en;
			hasScannedForEncodings = 0;
			knownRegions = (
				en,
				Base,
			);
			mainGroup = 330432A024BACE22008072AA;
			productRefGroup = 330432AA24BACE22008072AA /* Products */;
			projectDirPath = "";
			projectRoot = "";
			targets = (
				330432A824BACE22008072AA /* Roshambo Assignment */,
			);
		};
/* End PBXProject section */

/* Begin PBXResourcesBuildPhase section */
		330432A724BACE22008072AA /* Resources */ = {
			isa = PBXResourcesBuildPhase;
			buildActionMask = 2147483647;
			files = (
				330432B924BACE23008072AA /* LaunchScreen.storyboard in Resources */,
				330432B624BACE23008072AA /* Assets.xcassets in Resources */,
				330432B424BACE22008072AA /* Main.storyboard in Resources */,
			);
			runOnlyForDeploymentPostprocessing = 0;
		};
/* End PBXResourcesBuildPhase section */

/* Begin PBXSourcesBuildPhase section */
		330432A524BACE22008072AA /* Sources */ = {
			isa = PBXSourcesBuildPhase;
			buildActionMask = 2147483647;
			files = (
				330432B124BACE22008072AA /* ChooseGestureViewController.swift in Sources */,
				330432AD24BACE22008072AA /* AppDelegate.swift in Sources */,
				330432AF24BACE22008072AA /* SceneDelegate.swift in Sources */,
				330432C124BAD2A8008072AA /* ResultsViewController.swift in Sources */,
			);
			runOnlyForDeploymentPostprocessing = 0;
		};
/* End PBXSourcesBuildPhase section */

/* Begin PBXVariantGroup section */
		330432B224BACE22008072AA /* Main.storyboard */ = {
			isa = PBXVariantGroup;
			children = (
				330432B324BACE22008072AA /* Base */,
			);
			name = Main.storyboard;
			sourceTree = "<group>";
		};
		330432B724BACE23008072AA /* LaunchScreen.storyboard */ = {
			isa = PBXVariantGroup;
			children = (
				330432B824BACE23008072AA /* Base */,
			);
			name = LaunchScreen.storyboard;
			sourceTree = "<group>";
		};
/* End PBXVariantGroup section */

/* Begin XCBuildConfiguration section */
		330432BB24BACE23008072AA /* Debug */ = {
			isa = XCBuildConfiguration;
			buildSettings = {
				ALWAYS_SEARCH_USER_PATHS = NO;
				CLANG_ANALYZER_NONNULL = YES;
				CLANG_ANALYZER_NUMBER_OBJECT_CONVERSION = YES_AGGRESSIVE;
				CLANG_CXX_LANGUAGE_STANDARD = "gnu++14";
				CLANG_CXX_LIBRARY = "libc++";
				CLANG_ENABLE_MODULES = YES;
				CLANG_ENABLE_OBJC_ARC = YES;
				CLANG_ENABLE_OBJC_WEAK = YES;
				CLANG_WARN_BLOCK_CAPTURE_AUTORELEASING = YES;
				CLANG_WARN_BOOL_CONVERSION = YES;
				CLANG_WARN_COMMA = YES;
				CLANG_WARN_CONSTANT_CONVERSION = YES;
				CLANG_WARN_DEPRECATED_OBJC_IMPLEMENTATIONS = YES;
				CLANG_WARN_DIRECT_OBJC_ISA_USAGE = YES_ERROR;
				CLANG_WARN_DOCUMENTATION_COMMENTS = YES;
				CLANG_WARN_EMPTY_BODY = YES;
				CLANG_WARN_ENUM_CONVERSION = YES;
				CLANG_WARN_INFINITE_RECURSION = YES;
				CLANG_WARN_INT_CONVERSION = YES;
				CLANG_WARN_NON_LITERAL_NULL_CONVERSION = YES;
				CLANG_WARN_OBJC_IMPLICIT_RETAIN_SELF = YES;
				CLANG_WARN_OBJC_LITERAL_CONVERSION = YES;
				CLANG_WARN_OBJC_ROOT_CLASS = YES_ERROR;
				CLANG_WARN_RANGE_LOOP_ANALYSIS = YES;
				CLANG_WARN_STRICT_PROTOTYPES = YES;
				CLANG_WARN_SUSPICIOUS_MOVE = YES;
				CLANG_WARN_UNGUARDED_AVAILABILITY = YES_AGGRESSIVE;
				CLANG_WARN_UNREACHABLE_CODE = YES;
				CLANG_WARN__DUPLICATE_METHOD_MATCH = YES;
				COPY_PHASE_STRIP = NO;
				DEBUG_INFORMATION_FORMAT = dwarf;
				ENABLE_STRICT_OBJC_MSGSEND = YES;
				ENABLE_TESTABILITY = YES;
				GCC_C_LANGUAGE_STANDARD = gnu11;
				GCC_DYNAMIC_NO_PIC = NO;
				GCC_NO_COMMON_BLOCKS = YES;
				GCC_OPTIMIZATION_LEVEL = 0;
				GCC_PREPROCESSOR_DEFINITIONS = (
					"DEBUG=1",
					"$(inherited)",
				);
				GCC_WARN_64_TO_32_BIT_CONVERSION = YES;
				GCC_WARN_ABOUT_RETURN_TYPE = YES_ERROR;
				GCC_WARN_UNDECLARED_SELECTOR = YES;
				GCC_WARN_UNINITIALIZED_AUTOS = YES_AGGRESSIVE;
				GCC_WARN_UNUSED_FUNCTION = YES;
				GCC_WARN_UNUSED_VARIABLE = YES;
				IPHONEOS_DEPLOYMENT_TARGET = 13.5;
				MTL_ENABLE_DEBUG_INFO = INCLUDE_SOURCE;
				MTL_FAST_MATH = YES;
				ONLY_ACTIVE_ARCH = YES;
				SDKROOT = iphoneos;
				SWIFT_ACTIVE_COMPILATION_CONDITIONS = DEBUG;
				SWIFT_OPTIMIZATION_LEVEL = "-Onone";
			};
			name = Debug;
		};
		330432BC24BACE23008072AA /* Release */ = {
			isa = XCBuildConfiguration;
			buildSettings = {
				ALWAYS_SEARCH_USER_PATHS = NO;
				CLANG_ANALYZER_NONNULL = YES;
				CLANG_ANALYZER_NUMBER_OBJECT_CONVERSION = YES_AGGRESSIVE;
				CLANG_CXX_LANGUAGE_STANDARD = "gnu++14";
				CLANG_CXX_LIBRARY = "libc++";
				CLANG_ENABLE_MODULES = YES;
				CLANG_ENABLE_OBJC_ARC = YES;
				CLANG_ENABLE_OBJC_WEAK = YES;
				CLANG_WARN_BLOCK_CAPTURE_AUTORELEASING = YES;
				CLANG_WARN_BOOL_CONVERSION = YES;
				CLANG_WARN_COMMA = YES;
				CLANG_WARN_CONSTANT_CONVERSION = YES;
				CLANG_WARN_DEPRECATED_OBJC_IMPLEMENTATIONS = YES;
				CLANG_WARN_DIRECT_OBJC_ISA_USAGE = YES_ERROR;
				CLANG_WARN_DOCUMENTATION_COMMENTS = YES;
				CLANG_WARN_EMPTY_BODY = YES;
				CLANG_WARN_ENUM_CONVERSION = YES;
				CLANG_WARN_INFINITE_RECURSION = YES;
				CLANG_WARN_INT_CONVERSION = YES;
				CLANG_WARN_NON_LITERAL_NULL_CONVERSION = YES;
				CLANG_WARN_OBJC_IMPLICIT_RETAIN_SELF = YES;
				CLANG_WARN_OBJC_LITERAL_CONVERSION = YES;
				CLANG_WARN_OBJC_ROOT_CLASS = YES_ERROR;
				CLANG_WARN_RANGE_LOOP_ANALYSIS = YES;
				CLANG_WARN_STRICT_PROTOTYPES = YES;
				CLANG_WARN_SUSPICIOUS_MOVE = YES;
				CLANG_WARN_UNGUARDED_AVAILABILITY = YES_AGGRESSIVE;
				CLANG_WARN_UNREACHABLE_CODE = YES;
				CLANG_WARN__DUPLICATE_METHOD_MATCH = YES;
				COPY_PHASE_STRIP = NO;
				DEBUG_INFORMATION_FORMAT = "dwarf-with-dsym";
				ENABLE_NS_ASSERTIONS = NO;
				ENABLE_STRICT_OBJC_MSGSEND = YES;
				GCC_C_LANGUAGE_STANDARD = gnu11;
				GCC_NO_COMMON_BLOCKS = YES;
				GCC_WARN_64_TO_32_BIT_CONVERSION = YES;
				GCC_WARN_ABOUT_RETURN_TYPE = YES_ERROR;
				GCC_WARN_UNDECLARED_SELECTOR = YES;
				GCC_WARN_UNINITIALIZED_AUTOS = YES_AGGRESSIVE;
				GCC_WARN_UNUSED_FUNCTION = YES;
				GCC_WARN_UNUSED_VARIABLE = YES;
				IPHONEOS_DEPLOYMENT_TARGET = 13.5;
				MTL_ENABLE_DEBUG_INFO = NO;
				MTL_FAST_MATH = YES;
				SDKROOT = iphoneos;
				SWIFT_COMPILATION_MODE = wholemodule;
				SWIFT_OPTIMIZATION_LEVEL = "-O";
				VALIDATE_PRODUCT = YES;
			};
			name = Release;
		};
		330432BE24BACE23008072AA /* Debug */ = {
			isa = XCBuildConfiguration;
			buildSettings = {
				ASSETCATALOG_COMPILER_APPICON_NAME = AppIcon;
				CODE_SIGN_STYLE = Automatic;
				DEVELOPMENT_TEAM = 2QJT9J5N9N;
				INFOPLIST_FILE = "Roshambo Assignment/Info.plist";
				LD_RUNPATH_SEARCH_PATHS = (
					"$(inherited)",
					"@executable_path/Frameworks",
				);
				PRODUCT_BUNDLE_IDENTIFIER = "ca.crookes.Roshambo-Assignment";
				PRODUCT_NAME = "$(TARGET_NAME)";
				SWIFT_VERSION = 5.0;
				TARGETED_DEVICE_FAMILY = "1,2";
			};
			name = Debug;
		};
		330432BF24BACE23008072AA /* Release */ = {
			isa = XCBuildConfiguration;
			buildSettings = {
				ASSETCATALOG_COMPILER_APPICON_NAME = AppIcon;
				CODE_SIGN_STYLE = Automatic;
				DEVELOPMENT_TEAM = 2QJT9J5N9N;
				INFOPLIST_FILE = "Roshambo Assignment/Info.plist";
				LD_RUNPATH_SEARCH_PATHS = (
					"$(inherited)",
					"@executable_path/Frameworks",
				);
				PRODUCT_BUNDLE_IDENTIFIER = "ca.crookes.Roshambo-Assignment";
				PRODUCT_NAME = "$(TARGET_NAME)";
				SWIFT_VERSION = 5.0;
				TARGETED_DEVICE_FAMILY = "1,2";
			};
			name = Release;
		};
/* End XCBuildConfiguration section */

/* Begin XCConfigurationList section */
		330432A424BACE22008072AA /* Build configuration list for PBXProject "Roshambo Assignment" */ = {
			isa = XCConfigurationList;
			buildConfigurations = (
				330432BB24BACE23008072AA /* Debug */,
				330432BC24BACE23008072AA /* Release */,
			);
			defaultConfigurationIsVisible = 0;
			defaultConfigurationName = Release;
		};
		330432BD24BACE23008072AA /* Build configuration list for PBXNativeTarget "Roshambo Assignment" */ = {
			isa = XCConfigurationList;
			buildConfigurations = (
				330432BE24BACE23008072AA /* Debug */,
				330432BF24BACE23008072AA /* Release */,
			);
			defaultConfigurationIsVisible = 0;
			defaultConfigurationName = Release;
		};
/* End XCConfigurationList section */
	};
	rootObject = 330432A124BACE22008072AA /* Project object */;
}
